
Microsoft Visual Studio Solution File, Format Version 12.00
# Visual Studio Version 17
VisualStudioVersion = 17.8.34408.163
MinimumVisualStudioVersion = 10.0.40219.1
Project("{2150E333-8FDC-42A3-9474-1A3956D46DE8}") = "src", "src", "{C3C5B978-41A3-49B8-967E-9056F7C0F63D}"
EndProject
Project("{2150E333-8FDC-42A3-9474-1A3956D46DE8}") = "tests", "tests", "{52726AC1-6360-4FA1-9718-2D4F97A22262}"
EndProject
Project("{9A19103F-16F7-4668-BE54-9A1E7A4F7556}") = "SimpleCalculator", "src\SimpleCalculator\SimpleCalculator.csproj", "{A533FAC6-7A4B-4713-9703-E504DE1A1187}"
EndProject
Project("{FAE04EC0-301F-11D3-BF4B-00C04F79EFBC}") = "SimpleCalculator.UnitTests", "tests\SimpleCalculator.UnitTests\SimpleCalculator.UnitTests.csproj", "{616798BA-F507-46B1-B416-DBEDD29C76BB}"
EndProject
Project("{FAE04EC0-301F-11D3-BF4B-00C04F79EFBC}") = "SimpleCalculator.Specs", "tests\SimpleCalculator.Specs\SimpleCalculator.Specs.csproj", "{F0424C96-465D-4AB9-952D-DB3A8AEE4B1A}"
EndProject
Global
	GlobalSection(SolutionConfigurationPlatforms) = preSolution
		Debug|Any CPU = Debug|Any CPU
		Release|Any CPU = Release|Any CPU
	EndGlobalSection
	GlobalSection(ProjectConfigurationPlatforms) = postSolution
		{A533FAC6-7A4B-4713-9703-E504DE1A1187}.Debug|Any CPU.ActiveCfg = Debug|Any CPU
		{A533FAC6-7A4B-4713-9703-E504DE1A1187}.Debug|Any CPU.Build.0 = Debug|Any CPU
		{A533FAC6-7A4B-4713-9703-E504DE1A1187}.Release|Any CPU.ActiveCfg = Release|Any CPU
		{A533FAC6-7A4B-4713-9703-E504DE1A1187}.Release|Any CPU.Build.0 = Release|Any CPU
		{616798BA-F507-46B1-B416-DBEDD29C76BB}.Debug|Any CPU.ActiveCfg = Debug|Any CPU
		{616798BA-F507-46B1-B416-DBEDD29C76BB}.Debug|Any CPU.Build.0 = Debug|Any CPU
		{616798BA-F507-46B1-B416-DBEDD29C76BB}.Release|Any CPU.ActiveCfg = Release|Any CPU
		{616798BA-F507-46B1-B416-DBEDD29C76BB}.Release|Any CPU.Build.0 = Release|Any CPU
		{F0424C96-465D-4AB9-952D-DB3A8AEE4B1A}.Debug|Any CPU.ActiveCfg = Debug|Any CPU
		{F0424C96-465D-4AB9-952D-DB3A8AEE4B1A}.Debug|Any CPU.Build.0 = Debug|Any CPU
		{F0424C96-465D-4AB9-952D-DB3A8AEE4B1A}.Release|Any CPU.ActiveCfg = Release|Any CPU
		{F0424C96-465D-4AB9-952D-DB3A8AEE4B1A}.Release|Any CPU.Build.0 = Release|Any CPU
	EndGlobalSection
	GlobalSection(SolutionProperties) = preSolution
		HideSolutionNode = FALSE
	EndGlobalSection
	GlobalSection(NestedProjects) = preSolution
		{A533FAC6-7A4B-4713-9703-E504DE1A1187} = {C3C5B978-41A3-49B8-967E-9056F7C0F63D}
		{616798BA-F507-46B1-B416-DBEDD29C76BB} = {52726AC1-6360-4FA1-9718-2D4F97A22262}
		{F0424C96-465D-4AB9-952D-DB3A8AEE4B1A} = {52726AC1-6360-4FA1-9718-2D4F97A22262}
	EndGlobalSection
	GlobalSection(ExtensibilityGlobals) = postSolution
		SolutionGuid = {A78F2A3A-C040-495C-B92D-A5A97F1DCA8A}
	EndGlobalSection
EndGlobal
